
Microsoft Visual Studio Solution File, Format Version 12.00
# Visual Studio Version 17
VisualStudioVersion = 17.6.33723.286
MinimumVisualStudioVersion = 10.0.40219.1
Project("{FAE04EC0-301F-11D3-BF4B-00C04F79EFBC}") = "ParkLotManagementAPI", "ParkLotManagementAPI\ParkLotManagementAPI.csproj", "{294BFADF-E67E-45BC-B259-F01E5686A563}"
EndProject
Global
	GlobalSection(SolutionConfigurationPlatforms) = preSolution
		Debug|Any CPU = Debug|Any CPU
		Release|Any CPU = Release|Any CPU
	EndGlobalSection
	GlobalSection(ProjectConfigurationPlatforms) = postSolution
		{294BFADF-E67E-45BC-B259-F01E5686A563}.Debug|Any CPU.ActiveCfg = Debug|Any CPU
		{294BFADF-E67E-45BC-B259-F01E5686A563}.Debug|Any CPU.Build.0 = Debug|Any CPU
		{294BFADF-E67E-45BC-B259-F01E5686A563}.Release|Any CPU.ActiveCfg = Release|Any CPU
		{294BFADF-E67E-45BC-B259-F01E5686A563}.Release|Any CPU.Build.0 = Release|Any CPU
	EndGlobalSection
	GlobalSection(SolutionProperties) = preSolution
		HideSolutionNode = FALSE
	EndGlobalSection
	GlobalSection(ExtensibilityGlobals) = postSolution
		SolutionGuid = {51C45894-DF37-4671-B152-810B74DCCB67}
	EndGlobalSection
EndGlobal
